// !$*UTF8*$!
{
	archiveVersion = 1;
	classes = {
	};
	objectVersion = 55;
	objects = {

/* Begin PBXBuildFile section */
		2C74096427A6F9BE00593F92 /* Message.swift in Sources */ = {isa = PBXBuildFile; fileRef = 2C74096327A6F9BE00593F92 /* Message.swift */; };
		2C74096827A6FCA500593F92 /* MessageController.swift in Sources */ = {isa = PBXBuildFile; fileRef = 2C74096727A6FCA500593F92 /* MessageController.swift */; };
		2C74096A27A6FD9900593F92 /* MessageView.swift in Sources */ = {isa = PBXBuildFile; fileRef = 2C74096927A6FD9900593F92 /* MessageView.swift */; };
		2C74097427A714BB00593F92 /* ChatPartnerController.swift in Sources */ = {isa = PBXBuildFile; fileRef = 2C74097327A714BB00593F92 /* ChatPartnerController.swift */; };
		2C74097E27A7338800593F92 /* AddChatPartnerView.swift in Sources */ = {isa = PBXBuildFile; fileRef = 2C74097D27A7338800593F92 /* AddChatPartnerView.swift */; };
		2C74098227A737C400593F92 /* IconView.swift in Sources */ = {isa = PBXBuildFile; fileRef = 2C74098127A737C400593F92 /* IconView.swift */; };
		2C74098427A7390100593F92 /* AddMessageView.swift in Sources */ = {isa = PBXBuildFile; fileRef = 2C74098327A7390100593F92 /* AddMessageView.swift */; };
		2CE0034D27A5484D007C80F1 /* StartView.swift in Sources */ = {isa = PBXBuildFile; fileRef = 2CE0034C27A5484D007C80F1 /* StartView.swift */; };
		2CE0034F27A54857007C80F1 /* ChatView.swift in Sources */ = {isa = PBXBuildFile; fileRef = 2CE0034E27A54857007C80F1 /* ChatView.swift */; };
		2CE0035527A554BA007C80F1 /* ChatPartnerView.swift in Sources */ = {isa = PBXBuildFile; fileRef = 2CE0035427A554BA007C80F1 /* ChatPartnerView.swift */; };
		2CE0035C27A56006007C80F1 /* ChatPartner.swift in Sources */ = {isa = PBXBuildFile; fileRef = 2CE0035B27A56006007C80F1 /* ChatPartner.swift */; };
		2CEA9ED227A35B1500B80DA3 /* SelfChatApp.swift in Sources */ = {isa = PBXBuildFile; fileRef = 2CEA9ED127A35B1500B80DA3 /* SelfChatApp.swift */; };
		2CEA9ED427A35B1500B80DA3 /* ContentView.swift in Sources */ = {isa = PBXBuildFile; fileRef = 2CEA9ED327A35B1500B80DA3 /* ContentView.swift */; };
		2CEA9ED627A35B1500B80DA3 /* Assets.xcassets in Resources */ = {isa = PBXBuildFile; fileRef = 2CEA9ED527A35B1500B80DA3 /* Assets.xcassets */; };
		2CEA9ED927A35B1500B80DA3 /* Preview Assets.xcassets in Resources */ = {isa = PBXBuildFile; fileRef = 2CEA9ED827A35B1500B80DA3 /* Preview Assets.xcassets */; };
		2CEA9EE327A35B1500B80DA3 /* SelfChatTests.swift in Sources */ = {isa = PBXBuildFile; fileRef = 2CEA9EE227A35B1500B80DA3 /* SelfChatTests.swift */; };
		2CEA9EED27A35B1500B80DA3 /* SelfChatUITests.swift in Sources */ = {isa = PBXBuildFile; fileRef = 2CEA9EEC27A35B1500B80DA3 /* SelfChatUITests.swift */; };
		2CEA9EEF27A35B1500B80DA3 /* SelfChatUITestsLaunchTests.swift in Sources */ = {isa = PBXBuildFile; fileRef = 2CEA9EEE27A35B1500B80DA3 /* SelfChatUITestsLaunchTests.swift */; };
/* End PBXBuildFile section */

/* Begin PBXContainerItemProxy section */
		2CEA9EDF27A35B1500B80DA3 /* PBXContainerItemProxy */ = {
			isa = PBXContainerItemProxy;
			containerPortal = 2CEA9EC627A35B1500B80DA3 /* Project object */;
			proxyType = 1;
			remoteGlobalIDString = 2CEA9ECD27A35B1500B80DA3;
			remoteInfo = SelfChat;
		};
		2CEA9EE927A35B1500B80DA3 /* PBXContainerItemProxy */ = {
			isa = PBXContainerItemProxy;
			containerPortal = 2CEA9EC627A35B1500B80DA3 /* Project object */;
			proxyType = 1;
			remoteGlobalIDString = 2CEA9ECD27A35B1500B80DA3;
			remoteInfo = SelfChat;
		};
/* End PBXContainerItemProxy section */

/* Begin PBXFileReference section */
		2C74096327A6F9BE00593F92 /* Message.swift */ = {isa = PBXFileReference; lastKnownFileType = sourcecode.swift; path = Message.swift; sourceTree = "<group>"; };
		2C74096727A6FCA500593F92 /* MessageController.swift */ = {isa = PBXFileReference; lastKnownFileType = sourcecode.swift; path = MessageController.swift; sourceTree = "<group>"; };
		2C74096927A6FD9900593F92 /* MessageView.swift */ = {isa = PBXFileReference; lastKnownFileType = sourcecode.swift; path = MessageView.swift; sourceTree = "<group>"; };
		2C74097327A714BB00593F92 /* ChatPartnerController.swift */ = {isa = PBXFileReference; lastKnownFileType = sourcecode.swift; path = ChatPartnerController.swift; sourceTree = "<group>"; };
		2C74097D27A7338800593F92 /* AddChatPartnerView.swift */ = {isa = PBXFileReference; lastKnownFileType = sourcecode.swift; path = AddChatPartnerView.swift; sourceTree = "<group>"; };
		2C74098127A737C400593F92 /* IconView.swift */ = {isa = PBXFileReference; lastKnownFileType = sourcecode.swift; path = IconView.swift; sourceTree = "<group>"; };
		2C74098327A7390100593F92 /* AddMessageView.swift */ = {isa = PBXFileReference; lastKnownFileType = sourcecode.swift; path = AddMessageView.swift; sourceTree = "<group>"; };
		2CE0034C27A5484D007C80F1 /* StartView.swift */ = {isa = PBXFileReference; lastKnownFileType = sourcecode.swift; path = StartView.swift; sourceTree = "<group>"; };
		2CE0034E27A54857007C80F1 /* ChatView.swift */ = {isa = PBXFileReference; lastKnownFileType = sourcecode.swift; path = ChatView.swift; sourceTree = "<group>"; };
		2CE0035427A554BA007C80F1 /* ChatPartnerView.swift */ = {isa = PBXFileReference; lastKnownFileType = sourcecode.swift; path = ChatPartnerView.swift; sourceTree = "<group>"; };
		2CE0035B27A56006007C80F1 /* ChatPartner.swift */ = {isa = PBXFileReference; lastKnownFileType = sourcecode.swift; path = ChatPartner.swift; sourceTree = "<group>"; };
		2CEA9ECE27A35B1500B80DA3 /* SelfChat.app */ = {isa = PBXFileReference; explicitFileType = wrapper.application; includeInIndex = 0; path = SelfChat.app; sourceTree = BUILT_PRODUCTS_DIR; };
		2CEA9ED127A35B1500B80DA3 /* SelfChatApp.swift */ = {isa = PBXFileReference; lastKnownFileType = sourcecode.swift; path = SelfChatApp.swift; sourceTree = "<group>"; };
		2CEA9ED327A35B1500B80DA3 /* ContentView.swift */ = {isa = PBXFileReference; lastKnownFileType = sourcecode.swift; path = ContentView.swift; sourceTree = "<group>"; };
		2CEA9ED527A35B1500B80DA3 /* Assets.xcassets */ = {isa = PBXFileReference; lastKnownFileType = folder.assetcatalog; path = Assets.xcassets; sourceTree = "<group>"; };
		2CEA9ED827A35B1500B80DA3 /* Preview Assets.xcassets */ = {isa = PBXFileReference; lastKnownFileType = folder.assetcatalog; path = "Preview Assets.xcassets"; sourceTree = "<group>"; };
		2CEA9EDE27A35B1500B80DA3 /* SelfChatTests.xctest */ = {isa = PBXFileReference; explicitFileType = wrapper.cfbundle; includeInIndex = 0; path = SelfChatTests.xctest; sourceTree = BUILT_PRODUCTS_DIR; };
		2CEA9EE227A35B1500B80DA3 /* SelfChatTests.swift */ = {isa = PBXFileReference; lastKnownFileType = sourcecode.swift; path = SelfChatTests.swift; sourceTree = "<group>"; };
		2CEA9EE827A35B1500B80DA3 /* SelfChatUITests.xctest */ = {isa = PBXFileReference; explicitFileType = wrapper.cfbundle; includeInIndex = 0; path = SelfChatUITests.xctest; sourceTree = BUILT_PRODUCTS_DIR; };
		2CEA9EEC27A35B1500B80DA3 /* SelfChatUITests.swift */ = {isa = PBXFileReference; lastKnownFileType = sourcecode.swift; path = SelfChatUITests.swift; sourceTree = "<group>"; };
		2CEA9EEE27A35B1500B80DA3 /* SelfChatUITestsLaunchTests.swift */ = {isa = PBXFileReference; lastKnownFileType = sourcecode.swift; path = SelfChatUITestsLaunchTests.swift; sourceTree = "<group>"; };
/* End PBXFileReference section */

/* Begin PBXFrameworksBuildPhase section */
		2CEA9ECB27A35B1500B80DA3 /* Frameworks */ = {
			isa = PBXFrameworksBuildPhase;
			buildActionMask = 2147483647;
			files = (
			);
			runOnlyForDeploymentPostprocessing = 0;
		};
		2CEA9EDB27A35B1500B80DA3 /* Frameworks */ = {
			isa = PBXFrameworksBuildPhase;
			buildActionMask = 2147483647;
			files = (
			);
			runOnlyForDeploymentPostprocessing = 0;
		};
		2CEA9EE527A35B1500B80DA3 /* Frameworks */ = {
			isa = PBXFrameworksBuildPhase;
			buildActionMask = 2147483647;
			files = (
			);
			runOnlyForDeploymentPostprocessing = 0;
		};
/* End PBXFrameworksBuildPhase section */

/* Begin PBXGroup section */
		2C74096627A6FC9600593F92 /* Controllers */ = {
			isa = PBXGroup;
			children = (
				2C74096727A6FCA500593F92 /* MessageController.swift */,
				2C74097327A714BB00593F92 /* ChatPartnerController.swift */,
			);
			path = Controllers;
			sourceTree = "<group>";
		};
		2CE0035227A54870007C80F1 /* Views */ = {
			isa = PBXGroup;
			children = (
				2CE0034C27A5484D007C80F1 /* StartView.swift */,
				2CE0034E27A54857007C80F1 /* ChatView.swift */,
				2C74096927A6FD9900593F92 /* MessageView.swift */,
				2C74097D27A7338800593F92 /* AddChatPartnerView.swift */,
				2C74098127A737C400593F92 /* IconView.swift */,
				2C74098327A7390100593F92 /* AddMessageView.swift */,
			);
			path = Views;
			sourceTree = "<group>";
		};
		2CE0035327A5549B007C80F1 /* Components */ = {
			isa = PBXGroup;
			children = (
				2CE0035427A554BA007C80F1 /* ChatPartnerView.swift */,
			);
			path = Components;
			sourceTree = "<group>";
		};
		2CE0035A27A55FFB007C80F1 /* Models */ = {
			isa = PBXGroup;
			children = (
				2CE0035B27A56006007C80F1 /* ChatPartner.swift */,
				2C74096327A6F9BE00593F92 /* Message.swift */,
			);
			path = Models;
			sourceTree = "<group>";
		};
		2CEA9EC527A35B1500B80DA3 = {
			isa = PBXGroup;
			children = (
				2CEA9ED027A35B1500B80DA3 /* SelfChat */,
				2CEA9EE127A35B1500B80DA3 /* SelfChatTests */,
				2CEA9EEB27A35B1500B80DA3 /* SelfChatUITests */,
				2CEA9ECF27A35B1500B80DA3 /* Products */,
			);
			sourceTree = "<group>";
		};
		2CEA9ECF27A35B1500B80DA3 /* Products */ = {
			isa = PBXGroup;
			children = (
				2CEA9ECE27A35B1500B80DA3 /* SelfChat.app */,
				2CEA9EDE27A35B1500B80DA3 /* SelfChatTests.xctest */,
				2CEA9EE827A35B1500B80DA3 /* SelfChatUITests.xctest */,
			);
			name = Products;
			sourceTree = "<group>";
		};
		2CEA9ED027A35B1500B80DA3 /* SelfChat */ = {
			isa = PBXGroup;
			children = (
				2C74096627A6FC9600593F92 /* Controllers */,
				2CE0035A27A55FFB007C80F1 /* Models */,
				2CE0035327A5549B007C80F1 /* Components */,
				2CEA9ED127A35B1500B80DA3 /* SelfChatApp.swift */,
				2CE0035227A54870007C80F1 /* Views */,
				2CEA9ED327A35B1500B80DA3 /* ContentView.swift */,
				2CEA9ED527A35B1500B80DA3 /* Assets.xcassets */,
				2CEA9ED727A35B1500B80DA3 /* Preview Content */,
			);
			path = SelfChat;
			sourceTree = "<group>";
		};
		2CEA9ED727A35B1500B80DA3 /* Preview Content */ = {
			isa = PBXGroup;
			children = (
				2CEA9ED827A35B1500B80DA3 /* Preview Assets.xcassets */,
			);
			path = "Preview Content";
			sourceTree = "<group>";
		};
		2CEA9EE127A35B1500B80DA3 /* SelfChatTests */ = {
			isa = PBXGroup;
			children = (
				2CEA9EE227A35B1500B80DA3 /* SelfChatTests.swift */,
			);
			path = SelfChatTests;
			sourceTree = "<group>";
		};
		2CEA9EEB27A35B1500B80DA3 /* SelfChatUITests */ = {
			isa = PBXGroup;
			children = (
				2CEA9EEC27A35B1500B80DA3 /* SelfChatUITests.swift */,
				2CEA9EEE27A35B1500B80DA3 /* SelfChatUITestsLaunchTests.swift */,
			);
			path = SelfChatUITests;
			sourceTree = "<group>";
		};
/* End PBXGroup section */

/* Begin PBXNativeTarget section */
		2CEA9ECD27A35B1500B80DA3 /* SelfChat */ = {
			isa = PBXNativeTarget;
			buildConfigurationList = 2CEA9EF227A35B1500B80DA3 /* Build configuration list for PBXNativeTarget "SelfChat" */;
			buildPhases = (
				2CEA9ECA27A35B1500B80DA3 /* Sources */,
				2CEA9ECB27A35B1500B80DA3 /* Frameworks */,
				2CEA9ECC27A35B1500B80DA3 /* Resources */,
			);
			buildRules = (
			);
			dependencies = (
			);
			name = SelfChat;
			productName = SelfChat;
			productReference = 2CEA9ECE27A35B1500B80DA3 /* SelfChat.app */;
			productType = "com.apple.product-type.application";
		};
		2CEA9EDD27A35B1500B80DA3 /* SelfChatTests */ = {
			isa = PBXNativeTarget;
			buildConfigurationList = 2CEA9EF527A35B1500B80DA3 /* Build configuration list for PBXNativeTarget "SelfChatTests" */;
			buildPhases = (
				2CEA9EDA27A35B1500B80DA3 /* Sources */,
				2CEA9EDB27A35B1500B80DA3 /* Frameworks */,
				2CEA9EDC27A35B1500B80DA3 /* Resources */,
			);
			buildRules = (
			);
			dependencies = (
				2CEA9EE027A35B1500B80DA3 /* PBXTargetDependency */,
			);
			name = SelfChatTests;
			productName = SelfChatTests;
			productReference = 2CEA9EDE27A35B1500B80DA3 /* SelfChatTests.xctest */;
			productType = "com.apple.product-type.bundle.unit-test";
		};
		2CEA9EE727A35B1500B80DA3 /* SelfChatUITests */ = {
			isa = PBXNativeTarget;
			buildConfigurationList = 2CEA9EF827A35B1500B80DA3 /* Build configuration list for PBXNativeTarget "SelfChatUITests" */;
			buildPhases = (
				2CEA9EE427A35B1500B80DA3 /* Sources */,
				2CEA9EE527A35B1500B80DA3 /* Frameworks */,
				2CEA9EE627A35B1500B80DA3 /* Resources */,
			);
			buildRules = (
			);
			dependencies = (
				2CEA9EEA27A35B1500B80DA3 /* PBXTargetDependency */,
			);
			name = SelfChatUITests;
			productName = SelfChatUITests;
			productReference = 2CEA9EE827A35B1500B80DA3 /* SelfChatUITests.xctest */;
			productType = "com.apple.product-type.bundle.ui-testing";
		};
/* End PBXNativeTarget section */

/* Begin PBXProject section */
		2CEA9EC627A35B1500B80DA3 /* Project object */ = {
			isa = PBXProject;
			attributes = {
				BuildIndependentTargetsInParallel = 1;
				LastSwiftUpdateCheck = 1320;
				LastUpgradeCheck = 1320;
				TargetAttributes = {
					2CEA9ECD27A35B1500B80DA3 = {
						CreatedOnToolsVersion = 13.2.1;
					};
					2CEA9EDD27A35B1500B80DA3 = {
						CreatedOnToolsVersion = 13.2.1;
						TestTargetID = 2CEA9ECD27A35B1500B80DA3;
					};
					2CEA9EE727A35B1500B80DA3 = {
						CreatedOnToolsVersion = 13.2.1;
						TestTargetID = 2CEA9ECD27A35B1500B80DA3;
					};
				};
			};
			buildConfigurationList = 2CEA9EC927A35B1500B80DA3 /* Build configuration list for PBXProject "SelfChat" */;
			compatibilityVersion = "Xcode 13.0";
			developmentRegion = en;
			hasScannedForEncodings = 0;
			knownRegions = (
				en,
				Base,
			);
			mainGroup = 2CEA9EC527A35B1500B80DA3;
			productRefGroup = 2CEA9ECF27A35B1500B80DA3 /* Products */;
			projectDirPath = "";
			projectRoot = "";
			targets = (
				2CEA9ECD27A35B1500B80DA3 /* SelfChat */,
				2CEA9EDD27A35B1500B80DA3 /* SelfChatTests */,
				2CEA9EE727A35B1500B80DA3 /* SelfChatUITests */,
			);
		};
/* End PBXProject section */

/* Begin PBXResourcesBuildPhase section */
		2CEA9ECC27A35B1500B80DA3 /* Resources */ = {
			isa = PBXResourcesBuildPhase;
			buildActionMask = 2147483647;
			files = (
				2CEA9ED927A35B1500B80DA3 /* Preview Assets.xcassets in Resources */,
				2CEA9ED627A35B1500B80DA3 /* Assets.xcassets in Resources */,
			);
			runOnlyForDeploymentPostprocessing = 0;
		};
		2CEA9EDC27A35B1500B80DA3 /* Resources */ = {
			isa = PBXResourcesBuildPhase;
			buildActionMask = 2147483647;
			files = (
			);
			runOnlyForDeploymentPostprocessing = 0;
		};
		2CEA9EE627A35B1500B80DA3 /* Resources */ = {
			isa = PBXResourcesBuildPhase;
			buildActionMask = 2147483647;
			files = (
			);
			runOnlyForDeploymentPostprocessing = 0;
		};
/* End PBXResourcesBuildPhase section */

/* Begin PBXSourcesBuildPhase section */
		2CEA9ECA27A35B1500B80DA3 /* Sources */ = {
			isa = PBXSourcesBuildPhase;
			buildActionMask = 2147483647;
			files = (
				2CE0034F27A54857007C80F1 /* ChatView.swift in Sources */,
				2C74098227A737C400593F92 /* IconView.swift in Sources */,
				2C74096827A6FCA500593F92 /* MessageController.swift in Sources */,
				2CE0034D27A5484D007C80F1 /* StartView.swift in Sources */,
				2C74097427A714BB00593F92 /* ChatPartnerController.swift in Sources */,
				2CEA9ED427A35B1500B80DA3 /* ContentView.swift in Sources */,
				2CEA9ED227A35B1500B80DA3 /* SelfChatApp.swift in Sources */,
				2C74096427A6F9BE00593F92 /* Message.swift in Sources */,
				2C74097E27A7338800593F92 /* AddChatPartnerView.swift in Sources */,
				2CE0035527A554BA007C80F1 /* ChatPartnerView.swift in Sources */,
				2C74098427A7390100593F92 /* AddMessageView.swift in Sources */,
				2C74096A27A6FD9900593F92 /* MessageView.swift in Sources */,
				2CE0035C27A56006007C80F1 /* ChatPartner.swift in Sources */,
			);
			runOnlyForDeploymentPostprocessing = 0;
		};
		2CEA9EDA27A35B1500B80DA3 /* Sources */ = {
			isa = PBXSourcesBuildPhase;
			buildActionMask = 2147483647;
			files = (
				2CEA9EE327A35B1500B80DA3 /* SelfChatTests.swift in Sources */,
			);
			runOnlyForDeploymentPostprocessing = 0;
		};
		2CEA9EE427A35B1500B80DA3 /* Sources */ = {
			isa = PBXSourcesBuildPhase;
			buildActionMask = 2147483647;
			files = (
				2CEA9EEF27A35B1500B80DA3 /* SelfChatUITestsLaunchTests.swift in Sources */,
				2CEA9EED27A35B1500B80DA3 /* SelfChatUITests.swift in Sources */,
			);
			runOnlyForDeploymentPostprocessing = 0;
		};
/* End PBXSourcesBuildPhase section */

/* Begin PBXTargetDependency section */
		2CEA9EE027A35B1500B80DA3 /* PBXTargetDependency */ = {
			isa = PBXTargetDependency;
			target = 2CEA9ECD27A35B1500B80DA3 /* SelfChat */;
			targetProxy = 2CEA9EDF27A35B1500B80DA3 /* PBXContainerItemProxy */;
		};
		2CEA9EEA27A35B1500B80DA3 /* PBXTargetDependency */ = {
			isa = PBXTargetDependency;
			target = 2CEA9ECD27A35B1500B80DA3 /* SelfChat */;
			targetProxy = 2CEA9EE927A35B1500B80DA3 /* PBXContainerItemProxy */;
		};
/* End PBXTargetDependency section */

/* Begin XCBuildConfiguration section */
		2CEA9EF027A35B1500B80DA3 /* Debug */ = {
			isa = XCBuildConfiguration;
			buildSettings = {
				ALWAYS_SEARCH_USER_PATHS = NO;
				CLANG_ANALYZER_NONNULL = YES;
				CLANG_ANALYZER_NUMBER_OBJECT_CONVERSION = YES_AGGRESSIVE;
				CLANG_CXX_LANGUAGE_STANDARD = "gnu++17";
				CLANG_CXX_LIBRARY = "libc++";
				CLANG_ENABLE_MODULES = YES;
				CLANG_ENABLE_OBJC_ARC = YES;
				CLANG_ENABLE_OBJC_WEAK = YES;
				CLANG_WARN_BLOCK_CAPTURE_AUTORELEASING = YES;
				CLANG_WARN_BOOL_CONVERSION = YES;
				CLANG_WARN_COMMA = YES;
				CLANG_WARN_CONSTANT_CONVERSION = YES;
				CLANG_WARN_DEPRECATED_OBJC_IMPLEMENTATIONS = YES;
				CLANG_WARN_DIRECT_OBJC_ISA_USAGE = YES_ERROR;
				CLANG_WARN_DOCUMENTATION_COMMENTS = YES;
				CLANG_WARN_EMPTY_BODY = YES;
				CLANG_WARN_ENUM_CONVERSION = YES;
				CLANG_WARN_INFINITE_RECURSION = YES;
				CLANG_WARN_INT_CONVERSION = YES;
				CLANG_WARN_NON_LITERAL_NULL_CONVERSION = YES;
				CLANG_WARN_OBJC_IMPLICIT_RETAIN_SELF = YES;
				CLANG_WARN_OBJC_LITERAL_CONVERSION = YES;
				CLANG_WARN_OBJC_ROOT_CLASS = YES_ERROR;
				CLANG_WARN_QUOTED_INCLUDE_IN_FRAMEWORK_HEADER = YES;
				CLANG_WARN_RANGE_LOOP_ANALYSIS = YES;
				CLANG_WARN_STRICT_PROTOTYPES = YES;
				CLANG_WARN_SUSPICIOUS_MOVE = YES;
				CLANG_WARN_UNGUARDED_AVAILABILITY = YES_AGGRESSIVE;
				CLANG_WARN_UNREACHABLE_CODE = YES;
				CLANG_WARN__DUPLICATE_METHOD_MATCH = YES;
				COPY_PHASE_STRIP = NO;
				DEBUG_INFORMATION_FORMAT = dwarf;
				ENABLE_STRICT_OBJC_MSGSEND = YES;
				ENABLE_TESTABILITY = YES;
				GCC_C_LANGUAGE_STANDARD = gnu11;
				GCC_DYNAMIC_NO_PIC = NO;
				GCC_NO_COMMON_BLOCKS = YES;
				GCC_OPTIMIZATION_LEVEL = 0;
				GCC_PREPROCESSOR_DEFINITIONS = (
					"DEBUG=1",
					"$(inherited)",
				);
				GCC_WARN_64_TO_32_BIT_CONVERSION = YES;
				GCC_WARN_ABOUT_RETURN_TYPE = YES_ERROR;
				GCC_WARN_UNDECLARED_SELECTOR = YES;
				GCC_WARN_UNINITIALIZED_AUTOS = YES_AGGRESSIVE;
				GCC_WARN_UNUSED_FUNCTION = YES;
				GCC_WARN_UNUSED_VARIABLE = YES;
				IPHONEOS_DEPLOYMENT_TARGET = 15.2;
				MTL_ENABLE_DEBUG_INFO = INCLUDE_SOURCE;
				MTL_FAST_MATH = YES;
				ONLY_ACTIVE_ARCH = YES;
				SDKROOT = iphoneos;
				SWIFT_ACTIVE_COMPILATION_CONDITIONS = DEBUG;
				SWIFT_OPTIMIZATION_LEVEL = "-Onone";
			};
			name = Debug;
		};
		2CEA9EF127A35B1500B80DA3 /* Release */ = {
			isa = XCBuildConfiguration;
			buildSettings = {
				ALWAYS_SEARCH_USER_PATHS = NO;
				CLANG_ANALYZER_NONNULL = YES;
				CLANG_ANALYZER_NUMBER_OBJECT_CONVERSION = YES_AGGRESSIVE;
				CLANG_CXX_LANGUAGE_STANDARD = "gnu++17";
				CLANG_CXX_LIBRARY = "libc++";
				CLANG_ENABLE_MODULES = YES;
				CLANG_ENABLE_OBJC_ARC = YES;
				CLANG_ENABLE_OBJC_WEAK = YES;
				CLANG_WARN_BLOCK_CAPTURE_AUTORELEASING = YES;
				CLANG_WARN_BOOL_CONVERSION = YES;
				CLANG_WARN_COMMA = YES;
				CLANG_WARN_CONSTANT_CONVERSION = YES;
				CLANG_WARN_DEPRECATED_OBJC_IMPLEMENTATIONS = YES;
				CLANG_WARN_DIRECT_OBJC_ISA_USAGE = YES_ERROR;
				CLANG_WARN_DOCUMENTATION_COMMENTS = YES;
				CLANG_WARN_EMPTY_BODY = YES;
				CLANG_WARN_ENUM_CONVERSION = YES;
				CLANG_WARN_INFINITE_RECURSION = YES;
				CLANG_WARN_INT_CONVERSION = YES;
				CLANG_WARN_NON_LITERAL_NULL_CONVERSION = YES;
				CLANG_WARN_OBJC_IMPLICIT_RETAIN_SELF = YES;
				CLANG_WARN_OBJC_LITERAL_CONVERSION = YES;
				CLANG_WARN_OBJC_ROOT_CLASS = YES_ERROR;
				CLANG_WARN_QUOTED_INCLUDE_IN_FRAMEWORK_HEADER = YES;
				CLANG_WARN_RANGE_LOOP_ANALYSIS = YES;
				CLANG_WARN_STRICT_PROTOTYPES = YES;
				CLANG_WARN_SUSPICIOUS_MOVE = YES;
				CLANG_WARN_UNGUARDED_AVAILABILITY = YES_AGGRESSIVE;
				CLANG_WARN_UNREACHABLE_CODE = YES;
				CLANG_WARN__DUPLICATE_METHOD_MATCH = YES;
				COPY_PHASE_STRIP = NO;
				DEBUG_INFORMATION_FORMAT = "dwarf-with-dsym";
				ENABLE_NS_ASSERTIONS = NO;
				ENABLE_STRICT_OBJC_MSGSEND = YES;
				GCC_C_LANGUAGE_STANDARD = gnu11;
				GCC_NO_COMMON_BLOCKS = YES;
				GCC_WARN_64_TO_32_BIT_CONVERSION = YES;
				GCC_WARN_ABOUT_RETURN_TYPE = YES_ERROR;
				GCC_WARN_UNDECLARED_SELECTOR = YES;
				GCC_WARN_UNINITIALIZED_AUTOS = YES_AGGRESSIVE;
				GCC_WARN_UNUSED_FUNCTION = YES;
				GCC_WARN_UNUSED_VARIABLE = YES;
				IPHONEOS_DEPLOYMENT_TARGET = 15.2;
				MTL_ENABLE_DEBUG_INFO = NO;
				MTL_FAST_MATH = YES;
				SDKROOT = iphoneos;
				SWIFT_COMPILATION_MODE = wholemodule;
				SWIFT_OPTIMIZATION_LEVEL = "-O";
				VALIDATE_PRODUCT = YES;
			};
			name = Release;
		};
		2CEA9EF327A35B1500B80DA3 /* Debug */ = {
			isa = XCBuildConfiguration;
			buildSettings = {
				ASSETCATALOG_COMPILER_APPICON_NAME = AppIcon;
				ASSETCATALOG_COMPILER_GLOBAL_ACCENT_COLOR_NAME = AccentColor;
				CODE_SIGN_STYLE = Automatic;
				CURRENT_PROJECT_VERSION = 1;
				DEVELOPMENT_ASSET_PATHS = "\"SelfChat/Preview Content\"";
				DEVELOPMENT_TEAM = 4XG3UHHAR9;
				ENABLE_PREVIEWS = YES;
				GENERATE_INFOPLIST_FILE = YES;
				INFOPLIST_KEY_UIApplicationSceneManifest_Generation = YES;
				INFOPLIST_KEY_UIApplicationSupportsIndirectInputEvents = YES;
				INFOPLIST_KEY_UILaunchScreen_Generation = YES;
				INFOPLIST_KEY_UISupportedInterfaceOrientations_iPad = "UIInterfaceOrientationPortrait UIInterfaceOrientationPortraitUpsideDown UIInterfaceOrientationLandscapeLeft UIInterfaceOrientationLandscapeRight";
				INFOPLIST_KEY_UISupportedInterfaceOrientations_iPhone = "UIInterfaceOrientationPortrait UIInterfaceOrientationLandscapeLeft UIInterfaceOrientationLandscapeRight";
				LD_RUNPATH_SEARCH_PATHS = (
					"$(inherited)",
					"@executable_path/Frameworks",
				);
				MARKETING_VERSION = 1.0;
				PRODUCT_BUNDLE_IDENTIFIER = sunanmau5.SelfChat;
				PRODUCT_NAME = "$(TARGET_NAME)";
				SWIFT_EMIT_LOC_STRINGS = YES;
				SWIFT_VERSION = 5.0;
				TARGETED_DEVICE_FAMILY = "1,2";
			};
			name = Debug;
		};
		2CEA9EF427A35B1500B80DA3 /* Release */ = {
			isa = XCBuildConfiguration;
			buildSettings = {
				ASSETCATALOG_COMPILER_APPICON_NAME = AppIcon;
				ASSETCATALOG_COMPILER_GLOBAL_ACCENT_COLOR_NAME = AccentColor;
				CODE_SIGN_STYLE = Automatic;
				CURRENT_PROJECT_VERSION = 1;
				DEVELOPMENT_ASSET_PATHS = "\"SelfChat/Preview Content\"";
				DEVELOPMENT_TEAM = 4XG3UHHAR9;
				ENABLE_PREVIEWS = YES;
				GENERATE_INFOPLIST_FILE = YES;
				INFOPLIST_KEY_UIApplicationSceneManifest_Generation = YES;
				INFOPLIST_KEY_UIApplicationSupportsIndirectInputEvents = YES;
				INFOPLIST_KEY_UILaunchScreen_Generation = YES;
				INFOPLIST_KEY_UISupportedInterfaceOrientations_iPad = "UIInterfaceOrientationPortrait UIInterfaceOrientationPortraitUpsideDown UIInterfaceOrientationLandscapeLeft UIInterfaceOrientationLandscapeRight";
				INFOPLIST_KEY_UISupportedInterfaceOrientations_iPhone = "UIInterfaceOrientationPortrait UIInterfaceOrientationLandscapeLeft UIInterfaceOrientationLandscapeRight";
				LD_RUNPATH_SEARCH_PATHS = (
					"$(inherited)",
					"@executable_path/Frameworks",
				);
				MARKETING_VERSION = 1.0;
				PRODUCT_BUNDLE_IDENTIFIER = sunanmau5.SelfChat;
				PRODUCT_NAME = "$(TARGET_NAME)";
				SWIFT_EMIT_LOC_STRINGS = YES;
				SWIFT_VERSION = 5.0;
				TARGETED_DEVICE_FAMILY = "1,2";
			};
			name = Release;
		};
		2CEA9EF627A35B1500B80DA3 /* Debug */ = {
			isa = XCBuildConfiguration;
			buildSettings = {
				ALWAYS_EMBED_SWIFT_STANDARD_LIBRARIES = YES;
				BUNDLE_LOADER = "$(TEST_HOST)";
				CODE_SIGN_STYLE = Automatic;
				CURRENT_PROJECT_VERSION = 1;
				DEVELOPMENT_TEAM = 4XG3UHHAR9;
				GENERATE_INFOPLIST_FILE = YES;
				IPHONEOS_DEPLOYMENT_TARGET = 15.2;
				MARKETING_VERSION = 1.0;
				PRODUCT_BUNDLE_IDENTIFIER = sunanmau5.SelfChatTests;
				PRODUCT_NAME = "$(TARGET_NAME)";
				SWIFT_EMIT_LOC_STRINGS = NO;
				SWIFT_VERSION = 5.0;
				TARGETED_DEVICE_FAMILY = "1,2";
				TEST_HOST = "$(BUILT_PRODUCTS_DIR)/SelfChat.app/SelfChat";
			};
			name = Debug;
		};
		2CEA9EF727A35B1500B80DA3 /* Release */ = {
			isa = XCBuildConfiguration;
			buildSettings = {
				ALWAYS_EMBED_SWIFT_STANDARD_LIBRARIES = YES;
				BUNDLE_LOADER = "$(TEST_HOST)";
				CODE_SIGN_STYLE = Automatic;
				CURRENT_PROJECT_VERSION = 1;
				DEVELOPMENT_TEAM = 4XG3UHHAR9;
				GENERATE_INFOPLIST_FILE = YES;
				IPHONEOS_DEPLOYMENT_TARGET = 15.2;
				MARKETING_VERSION = 1.0;
				PRODUCT_BUNDLE_IDENTIFIER = sunanmau5.SelfChatTests;
				PRODUCT_NAME = "$(TARGET_NAME)";
				SWIFT_EMIT_LOC_STRINGS = NO;
				SWIFT_VERSION = 5.0;
				TARGETED_DEVICE_FAMILY = "1,2";
				TEST_HOST = "$(BUILT_PRODUCTS_DIR)/SelfChat.app/SelfChat";
			};
			name = Release;
		};
		2CEA9EF927A35B1500B80DA3 /* Debug */ = {
			isa = XCBuildConfiguration;
			buildSettings = {
				ALWAYS_EMBED_SWIFT_STANDARD_LIBRARIES = YES;
				CODE_SIGN_STYLE = Automatic;
				CURRENT_PROJECT_VERSION = 1;
				DEVELOPMENT_TEAM = 4XG3UHHAR9;
				GENERATE_INFOPLIST_FILE = YES;
				MARKETING_VERSION = 1.0;
				PRODUCT_BUNDLE_IDENTIFIER = sunanmau5.SelfChatUITests;
				PRODUCT_NAME = "$(TARGET_NAME)";
				SWIFT_EMIT_LOC_STRINGS = NO;
				SWIFT_VERSION = 5.0;
				TARGETED_DEVICE_FAMILY = "1,2";
				TEST_TARGET_NAME = SelfChat;
			};
			name = Debug;
		};
		2CEA9EFA27A35B1500B80DA3 /* Release */ = {
			isa = XCBuildConfiguration;
			buildSettings = {
				ALWAYS_EMBED_SWIFT_STANDARD_LIBRARIES = YES;
				CODE_SIGN_STYLE = Automatic;
				CURRENT_PROJECT_VERSION = 1;
				DEVELOPMENT_TEAM = 4XG3UHHAR9;
				GENERATE_INFOPLIST_FILE = YES;
				MARKETING_VERSION = 1.0;
				PRODUCT_BUNDLE_IDENTIFIER = sunanmau5.SelfChatUITests;
				PRODUCT_NAME = "$(TARGET_NAME)";
				SWIFT_EMIT_LOC_STRINGS = NO;
				SWIFT_VERSION = 5.0;
				TARGETED_DEVICE_FAMILY = "1,2";
				TEST_TARGET_NAME = SelfChat;
			};
			name = Release;
		};
/* End XCBuildConfiguration section */

/* Begin XCConfigurationList section */
		2CEA9EC927A35B1500B80DA3 /* Build configuration list for PBXProject "SelfChat" */ = {
			isa = XCConfigurationList;
			buildConfigurations = (
				2CEA9EF027A35B1500B80DA3 /* Debug */,
				2CEA9EF127A35B1500B80DA3 /* Release */,
			);
			defaultConfigurationIsVisible = 0;
			defaultConfigurationName = Release;
		};
		2CEA9EF227A35B1500B80DA3 /* Build configuration list for PBXNativeTarget "SelfChat" */ = {
			isa = XCConfigurationList;
			buildConfigurations = (
				2CEA9EF327A35B1500B80DA3 /* Debug */,
				2CEA9EF427A35B1500B80DA3 /* Release */,
			);
			defaultConfigurationIsVisible = 0;
			defaultConfigurationName = Release;
		};
		2CEA9EF527A35B1500B80DA3 /* Build configuration list for PBXNativeTarget "SelfChatTests" */ = {
			isa = XCConfigurationList;
			buildConfigurations = (
				2CEA9EF627A35B1500B80DA3 /* Debug */,
				2CEA9EF727A35B1500B80DA3 /* Release */,
			);
			defaultConfigurationIsVisible = 0;
			defaultConfigurationName = Release;
		};
		2CEA9EF827A35B1500B80DA3 /* Build configuration list for PBXNativeTarget "SelfChatUITests" */ = {
			isa = XCConfigurationList;
			buildConfigurations = (
				2CEA9EF927A35B1500B80DA3 /* Debug */,
				2CEA9EFA27A35B1500B80DA3 /* Release */,
			);
			defaultConfigurationIsVisible = 0;
			defaultConfigurationName = Release;
		};
/* End XCConfigurationList section */
	};
	rootObject = 2CEA9EC627A35B1500B80DA3 /* Project object */;
}
